// !$*UTF8*$!
{
	archiveVersion = 1;
	classes = {
	};
	objectVersion = 50;
	objects = {

/* Begin PBXBuildFile section */
		312C7E2621828F5300996939 /* AppDelegate.swift in Sources */ = {isa = PBXBuildFile; fileRef = 312C7E2521828F5300996939 /* AppDelegate.swift */; };
		312C7E2821828F5300996939 /* TripTableViewController.swift in Sources */ = {isa = PBXBuildFile; fileRef = 312C7E2721828F5300996939 /* TripTableViewController.swift */; };
		312C7E2D21828F5700996939 /* Assets.xcassets in Resources */ = {isa = PBXBuildFile; fileRef = 312C7E2C21828F5700996939 /* Assets.xcassets */; };
		312C7E3021828F5700996939 /* LaunchScreen.storyboard in Resources */ = {isa = PBXBuildFile; fileRef = 312C7E2E21828F5700996939 /* LaunchScreen.storyboard */; };
		312C7E382182935000996939 /* Main.storyboard in Resources */ = {isa = PBXBuildFile; fileRef = 312C7E372182935000996939 /* Main.storyboard */; };
		312C7E3A2182939A00996939 /* TripTableViewCell.swift in Sources */ = {isa = PBXBuildFile; fileRef = 312C7E392182939A00996939 /* TripTableViewCell.swift */; };
		312C7E3C218293C000996939 /* TripDetailViewController.swift in Sources */ = {isa = PBXBuildFile; fileRef = 312C7E3B218293C000996939 /* TripDetailViewController.swift */; };
		312C7E3E218293E800996939 /* Dog.swift in Sources */ = {isa = PBXBuildFile; fileRef = 312C7E3D218293E800996939 /* Dog.swift */; };
		312C7E42218295D900996939 /* Trip.swift in Sources */ = {isa = PBXBuildFile; fileRef = 312C7E41218295D900996939 /* Trip.swift */; };
		312C7E4421864BF500996939 /* AddTripViewController.swift in Sources */ = {isa = PBXBuildFile; fileRef = 312C7E4321864BF500996939 /* AddTripViewController.swift */; };
/* End PBXBuildFile section */

/* Begin PBXFileReference section */
		312C7E2221828F5300996939 /* PA6.app */ = {isa = PBXFileReference; explicitFileType = wrapper.application; includeInIndex = 0; path = PA6.app; sourceTree = BUILT_PRODUCTS_DIR; };
		312C7E2521828F5300996939 /* AppDelegate.swift */ = {isa = PBXFileReference; lastKnownFileType = sourcecode.swift; path = AppDelegate.swift; sourceTree = "<group>"; };
		312C7E2721828F5300996939 /* TripTableViewController.swift */ = {isa = PBXFileReference; lastKnownFileType = sourcecode.swift; path = TripTableViewController.swift; sourceTree = "<group>"; };
		312C7E2C21828F5700996939 /* Assets.xcassets */ = {isa = PBXFileReference; lastKnownFileType = folder.assetcatalog; path = Assets.xcassets; sourceTree = "<group>"; };
		312C7E2F21828F5700996939 /* Base */ = {isa = PBXFileReference; lastKnownFileType = file.storyboard; name = Base; path = Base.lproj/LaunchScreen.storyboard; sourceTree = "<group>"; };
		312C7E3121828F5700996939 /* Info.plist */ = {isa = PBXFileReference; lastKnownFileType = text.plist.xml; path = Info.plist; sourceTree = "<group>"; };
		312C7E372182935000996939 /* Main.storyboard */ = {isa = PBXFileReference; fileEncoding = 4; lastKnownFileType = file.storyboard; path = Main.storyboard; sourceTree = "<group>"; };
		312C7E392182939A00996939 /* TripTableViewCell.swift */ = {isa = PBXFileReference; lastKnownFileType = sourcecode.swift; path = TripTableViewCell.swift; sourceTree = "<group>"; };
		312C7E3B218293C000996939 /* TripDetailViewController.swift */ = {isa = PBXFileReference; lastKnownFileType = sourcecode.swift; path = TripDetailViewController.swift; sourceTree = "<group>"; };
		312C7E3D218293E800996939 /* Dog.swift */ = {isa = PBXFileReference; lastKnownFileType = sourcecode.swift; path = Dog.swift; sourceTree = "<group>"; };
		312C7E41218295D900996939 /* Trip.swift */ = {isa = PBXFileReference; lastKnownFileType = sourcecode.swift; path = Trip.swift; sourceTree = "<group>"; };
		312C7E4321864BF500996939 /* AddTripViewController.swift */ = {isa = PBXFileReference; lastKnownFileType = sourcecode.swift; path = AddTripViewController.swift; sourceTree = "<group>"; };
/* End PBXFileReference section */

/* Begin PBXFrameworksBuildPhase section */
		312C7E1F21828F5300996939 /* Frameworks */ = {
			isa = PBXFrameworksBuildPhase;
			buildActionMask = 2147483647;
			files = (
			);
			runOnlyForDeploymentPostprocessing = 0;
		};
/* End PBXFrameworksBuildPhase section */

/* Begin PBXGroup section */
		312C7E1921828F5300996939 = {
			isa = PBXGroup;
			children = (
				312C7E2421828F5300996939 /* PA6 */,
				312C7E2321828F5300996939 /* Products */,
			);
			sourceTree = "<group>";
		};
		312C7E2321828F5300996939 /* Products */ = {
			isa = PBXGroup;
			children = (
				312C7E2221828F5300996939 /* PA6.app */,
			);
			name = Products;
			sourceTree = "<group>";
		};
		312C7E2421828F5300996939 /* PA6 */ = {
			isa = PBXGroup;
			children = (
				312C7E2521828F5300996939 /* AppDelegate.swift */,
				312C7E2721828F5300996939 /* TripTableViewController.swift */,
				312C7E392182939A00996939 /* TripTableViewCell.swift */,
				312C7E3B218293C000996939 /* TripDetailViewController.swift */,
				312C7E3D218293E800996939 /* Dog.swift */,
				312C7E41218295D900996939 /* Trip.swift */,
				312C7E4321864BF500996939 /* AddTripViewController.swift */,
				312C7E2C21828F5700996939 /* Assets.xcassets */,
				312C7E372182935000996939 /* Main.storyboard */,
				312C7E2E21828F5700996939 /* LaunchScreen.storyboard */,
				312C7E3121828F5700996939 /* Info.plist */,
			);
			path = PA6;
			sourceTree = "<group>";
		};
/* End PBXGroup section */

/* Begin PBXNativeTarget section */
		312C7E2121828F5300996939 /* PA6 */ = {
			isa = PBXNativeTarget;
			buildConfigurationList = 312C7E3421828F5700996939 /* Build configuration list for PBXNativeTarget "PA6" */;
			buildPhases = (
				312C7E1E21828F5300996939 /* Sources */,
				312C7E1F21828F5300996939 /* Frameworks */,
				312C7E2021828F5300996939 /* Resources */,
			);
			buildRules = (
			);
			dependencies = (
			);
			name = PA6;
			productName = PA6;
			productReference = 312C7E2221828F5300996939 /* PA6.app */;
			productType = "com.apple.product-type.application";
		};
/* End PBXNativeTarget section */

/* Begin PBXProject section */
		312C7E1A21828F5300996939 /* Project object */ = {
			isa = PBXProject;
			attributes = {
				LastSwiftUpdateCheck = 1000;
				LastUpgradeCheck = 1000;
				ORGANIZATIONNAME = "Makayla Moniz";
				TargetAttributes = {
					312C7E2121828F5300996939 = {
						CreatedOnToolsVersion = 10.0;
					};
				};
			};
			buildConfigurationList = 312C7E1D21828F5300996939 /* Build configuration list for PBXProject "PA6" */;
			compatibilityVersion = "Xcode 9.3";
			developmentRegion = en;
			hasScannedForEncodings = 0;
			knownRegions = (
				en,
				Base,
			);
			mainGroup = 312C7E1921828F5300996939;
			productRefGroup = 312C7E2321828F5300996939 /* Products */;
			projectDirPath = "";
			projectRoot = "";
			targets = (
				312C7E2121828F5300996939 /* PA6 */,
			);
		};
/* End PBXProject section */

/* Begin PBXResourcesBuildPhase section */
		312C7E2021828F5300996939 /* Resources */ = {
			isa = PBXResourcesBuildPhase;
			buildActionMask = 2147483647;
			files = (
				312C7E3021828F5700996939 /* LaunchScreen.storyboard in Resources */,
				312C7E2D21828F5700996939 /* Assets.xcassets in Resources */,
				312C7E382182935000996939 /* Main.storyboard in Resources */,
			);
			runOnlyForDeploymentPostprocessing = 0;
		};
/* End PBXResourcesBuildPhase section */

/* Begin PBXSourcesBuildPhase section */
		312C7E1E21828F5300996939 /* Sources */ = {
			isa = PBXSourcesBuildPhase;
			buildActionMask = 2147483647;
			files = (
				312C7E42218295D900996939 /* Trip.swift in Sources */,
				312C7E4421864BF500996939 /* AddTripViewController.swift in Sources */,
				312C7E3C218293C000996939 /* TripDetailViewController.swift in Sources */,
				312C7E2821828F5300996939 /* TripTableViewController.swift in Sources */,
				312C7E2621828F5300996939 /* AppDelegate.swift in Sources */,
				312C7E3E218293E800996939 /* Dog.swift in Sources */,
				312C7E3A2182939A00996939 /* TripTableViewCell.swift in Sources */,
			);
			runOnlyForDeploymentPostprocessing = 0;
		};
/* End PBXSourcesBuildPhase section */

/* Begin PBXVariantGroup section */
		312C7E2E21828F5700996939 /* LaunchScreen.storyboard */ = {
			isa = PBXVariantGroup;
			children = (
				312C7E2F21828F5700996939 /* Base */,
			);
			name = LaunchScreen.storyboard;
			sourceTree = "<group>";
		};
/* End PBXVariantGroup section */

/* Begin XCBuildConfiguration section */
		312C7E3221828F5700996939 /* Debug */ = {
			isa = XCBuildConfiguration;
			buildSettings = {
				ALWAYS_SEARCH_USER_PATHS = NO;
				CLANG_ANALYZER_NONNULL = YES;
				CLANG_ANALYZER_NUMBER_OBJECT_CONVERSION = YES_AGGRESSIVE;
				CLANG_CXX_LANGUAGE_STANDARD = "gnu++14";
				CLANG_CXX_LIBRARY = "libc++";
				CLANG_ENABLE_MODULES = YES;
				CLANG_ENABLE_OBJC_ARC = YES;
				CLANG_ENABLE_OBJC_WEAK = YES;
				CLANG_WARN_BLOCK_CAPTURE_AUTORELEASING = YES;
				CLANG_WARN_BOOL_CONVERSION = YES;
				CLANG_WARN_COMMA = YES;
				CLANG_WARN_CONSTANT_CONVERSION = YES;
				CLANG_WARN_DEPRECATED_OBJC_IMPLEMENTATIONS = YES;
				CLANG_WARN_DIRECT_OBJC_ISA_USAGE = YES_ERROR;
				CLANG_WARN_DOCUMENTATION_COMMENTS = YES;
				CLANG_WARN_EMPTY_BODY = YES;
				CLANG_WARN_ENUM_CONVERSION = YES;
				CLANG_WARN_INFINITE_RECURSION = YES;
				CLANG_WARN_INT_CONVERSION = YES;
				CLANG_WARN_NON_LITERAL_NULL_CONVERSION = YES;
				CLANG_WARN_OBJC_IMPLICIT_RETAIN_SELF = YES;
				CLANG_WARN_OBJC_LITERAL_CONVERSION = YES;
				CLANG_WARN_OBJC_ROOT_CLASS = YES_ERROR;
				CLANG_WARN_RANGE_LOOP_ANALYSIS = YES;
				CLANG_WARN_STRICT_PROTOTYPES = YES;
				CLANG_WARN_SUSPICIOUS_MOVE = YES;
				CLANG_WARN_UNGUARDED_AVAILABILITY = YES_AGGRESSIVE;
				CLANG_WARN_UNREACHABLE_CODE = YES;
				CLANG_WARN__DUPLICATE_METHOD_MATCH = YES;
				CODE_SIGN_IDENTITY = "iPhone Developer";
				COPY_PHASE_STRIP = NO;
				DEBUG_INFORMATION_FORMAT = dwarf;
				ENABLE_STRICT_OBJC_MSGSEND = YES;
				ENABLE_TESTABILITY = YES;
				GCC_C_LANGUAGE_STANDARD = gnu11;
				GCC_DYNAMIC_NO_PIC = NO;
				GCC_NO_COMMON_BLOCKS = YES;
				GCC_OPTIMIZATION_LEVEL = 0;
				GCC_PREPROCESSOR_DEFINITIONS = (
					"DEBUG=1",
					"$(inherited)",
				);
				GCC_WARN_64_TO_32_BIT_CONVERSION = YES;
				GCC_WARN_ABOUT_RETURN_TYPE = YES_ERROR;
				GCC_WARN_UNDECLARED_SELECTOR = YES;
				GCC_WARN_UNINITIALIZED_AUTOS = YES_AGGRESSIVE;
				GCC_WARN_UNUSED_FUNCTION = YES;
				GCC_WARN_UNUSED_VARIABLE = YES;
				IPHONEOS_DEPLOYMENT_TARGET = 12.0;
				MTL_ENABLE_DEBUG_INFO = INCLUDE_SOURCE;
				MTL_FAST_MATH = YES;
				ONLY_ACTIVE_ARCH = YES;
				SDKROOT = iphoneos;
				SWIFT_ACTIVE_COMPILATION_CONDITIONS = DEBUG;
				SWIFT_OPTIMIZATION_LEVEL = "-Onone";
			};
			name = Debug;
		};
		312C7E3321828F5700996939 /* Release */ = {
			isa = XCBuildConfiguration;
			buildSettings = {
				ALWAYS_SEARCH_USER_PATHS = NO;
				CLANG_ANALYZER_NONNULL = YES;
				CLANG_ANALYZER_NUMBER_OBJECT_CONVERSION = YES_AGGRESSIVE;
				CLANG_CXX_LANGUAGE_STANDARD = "gnu++14";
				CLANG_CXX_LIBRARY = "libc++";
				CLANG_ENABLE_MODULES = YES;
				CLANG_ENABLE_OBJC_ARC = YES;
				CLANG_ENABLE_OBJC_WEAK = YES;
				CLANG_WARN_BLOCK_CAPTURE_AUTORELEASING = YES;
				CLANG_WARN_BOOL_CONVERSION = YES;
				CLANG_WARN_COMMA = YES;
				CLANG_WARN_CONSTANT_CONVERSION = YES;
				CLANG_WARN_DEPRECATED_OBJC_IMPLEMENTATIONS = YES;
				CLANG_WARN_DIRECT_OBJC_ISA_USAGE = YES_ERROR;
				CLANG_WARN_DOCUMENTATION_COMMENTS = YES;
				CLANG_WARN_EMPTY_BODY = YES;
				CLANG_WARN_ENUM_CONVERSION = YES;
				CLANG_WARN_INFINITE_RECURSION = YES;
				CLANG_WARN_INT_CONVERSION = YES;
				CLANG_WARN_NON_LITERAL_NULL_CONVERSION = YES;
				CLANG_WARN_OBJC_IMPLICIT_RETAIN_SELF = YES;
				CLANG_WARN_OBJC_LITERAL_CONVERSION = YES;
				CLANG_WARN_OBJC_ROOT_CLASS = YES_ERROR;
				CLANG_WARN_RANGE_LOOP_ANALYSIS = YES;
				CLANG_WARN_STRICT_PROTOTYPES = YES;
				CLANG_WARN_SUSPICIOUS_MOVE = YES;
				CLANG_WARN_UNGUARDED_AVAILABILITY = YES_AGGRESSIVE;
				CLANG_WARN_UNREACHABLE_CODE = YES;
				CLANG_WARN__DUPLICATE_METHOD_MATCH = YES;
				CODE_SIGN_IDENTITY = "iPhone Developer";
				COPY_PHASE_STRIP = NO;
				DEBUG_INFORMATION_FORMAT = "dwarf-with-dsym";
				ENABLE_NS_ASSERTIONS = NO;
				ENABLE_STRICT_OBJC_MSGSEND = YES;
				GCC_C_LANGUAGE_STANDARD = gnu11;
				GCC_NO_COMMON_BLOCKS = YES;
				GCC_WARN_64_TO_32_BIT_CONVERSION = YES;
				GCC_WARN_ABOUT_RETURN_TYPE = YES_ERROR;
				GCC_WARN_UNDECLARED_SELECTOR = YES;
				GCC_WARN_UNINITIALIZED_AUTOS = YES_AGGRESSIVE;
				GCC_WARN_UNUSED_FUNCTION = YES;
				GCC_WARN_UNUSED_VARIABLE = YES;
				IPHONEOS_DEPLOYMENT_TARGET = 12.0;
				MTL_ENABLE_DEBUG_INFO = NO;
				MTL_FAST_MATH = YES;
				SDKROOT = iphoneos;
				SWIFT_COMPILATION_MODE = wholemodule;
				SWIFT_OPTIMIZATION_LEVEL = "-O";
				VALIDATE_PRODUCT = YES;
			};
			name = Release;
		};
		312C7E3521828F5700996939 /* Debug */ = {
			isa = XCBuildConfiguration;
			buildSettings = {
				ASSETCATALOG_COMPILER_APPICON_NAME = AppIcon;
				CODE_SIGN_STYLE = Automatic;
				DEVELOPMENT_TEAM = 9FCP7SDTKW;
				INFOPLIST_FILE = PA6/Info.plist;
				LD_RUNPATH_SEARCH_PATHS = (
					"$(inherited)",
					"@executable_path/Frameworks",
				);
				PRODUCT_BUNDLE_IDENTIFIER = com.kayleemoniz.PA6;
				PRODUCT_NAME = "$(TARGET_NAME)";
				SWIFT_VERSION = 4.2;
				TARGETED_DEVICE_FAMILY = "1,2";
			};
			name = Debug;
		};
		312C7E3621828F5700996939 /* Release */ = {
			isa = XCBuildConfiguration;
			buildSettings = {
				ASSETCATALOG_COMPILER_APPICON_NAME = AppIcon;
				CODE_SIGN_STYLE = Automatic;
				DEVELOPMENT_TEAM = 9FCP7SDTKW;
				INFOPLIST_FILE = PA6/Info.plist;
				LD_RUNPATH_SEARCH_PATHS = (
					"$(inherited)",
					"@executable_path/Frameworks",
				);
				PRODUCT_BUNDLE_IDENTIFIER = com.kayleemoniz.PA6;
				PRODUCT_NAME = "$(TARGET_NAME)";
				SWIFT_VERSION = 4.2;
				TARGETED_DEVICE_FAMILY = "1,2";
			};
			name = Release;
		};
/* End XCBuildConfiguration section */

/* Begin XCConfigurationList section */
		312C7E1D21828F5300996939 /* Build configuration list for PBXProject "PA6" */ = {
			isa = XCConfigurationList;
			buildConfigurations = (
				312C7E3221828F5700996939 /* Debug */,
				312C7E3321828F5700996939 /* Release */,
			);
			defaultConfigurationIsVisible = 0;
			defaultConfigurationName = Release;
		};
		312C7E3421828F5700996939 /* Build configuration list for PBXNativeTarget "PA6" */ = {
			isa = XCConfigurationList;
			buildConfigurations = (
				312C7E3521828F5700996939 /* Debug */,
				312C7E3621828F5700996939 /* Release */,
			);
			defaultConfigurationIsVisible = 0;
			defaultConfigurationName = Release;
		};
/* End XCConfigurationList section */
	};
	rootObject = 312C7E1A21828F5300996939 /* Project object */;
}
